
Microsoft Visual Studio Solution File, Format Version 12.00
# Visual Studio Version 17
VisualStudioVersion = 17.14.36221.1 d17.14
MinimumVisualStudioVersion = 10.0.40219.1
Project("{FAE04EC0-301F-11D3-BF4B-00C04F79EFBC}") = "RemoteCR", "RemoteCR\RemoteCR.csproj", "{C750F48F-577F-4EEC-A89F-F17D3DF32755}"
EndProject
Global
	GlobalSection(SolutionConfigurationPlatforms) = preSolution
		Debug|Any CPU = Debug|Any CPU
		Release|Any CPU = Release|Any CPU
	EndGlobalSection
	GlobalSection(ProjectConfigurationPlatforms) = postSolution
		{C750F48F-577F-4EEC-A89F-F17D3DF32755}.Debug|Any CPU.ActiveCfg = Debug|Any CPU
		{C750F48F-577F-4EEC-A89F-F17D3DF32755}.Debug|Any CPU.Build.0 = Debug|Any CPU
		{C750F48F-577F-4EEC-A89F-F17D3DF32755}.Release|Any CPU.ActiveCfg = Release|Any CPU
		{C750F48F-577F-4EEC-A89F-F17D3DF32755}.Release|Any CPU.Build.0 = Release|Any CPU
	EndGlobalSection
	GlobalSection(SolutionProperties) = preSolution
		HideSolutionNode = FALSE
	EndGlobalSection
	GlobalSection(ExtensibilityGlobals) = postSolution
		SolutionGuid = {6478422B-A3F9-443D-8E2C-C8C0E601A5B3}
	EndGlobalSection
EndGlobal
